
Microsoft Visual Studio Solution File, Format Version 12.00
# Visual Studio Version 17
VisualStudioVersion = 17.9.34622.214
MinimumVisualStudioVersion = 10.0.40219.1
Project("{FAE04EC0-301F-11D3-BF4B-00C04F79EFBC}") = "VideoMergeApp", "VideoMergeApp\VideoMergeApp.csproj", "{5BB714D1-59B1-45C8-9F39-9CA2C5EF1D05}"
EndProject
Global
	GlobalSection(SolutionConfigurationPlatforms) = preSolution
		Debug|Any CPU = Debug|Any CPU
		Release|Any CPU = Release|Any CPU
	EndGlobalSection
	GlobalSection(ProjectConfigurationPlatforms) = postSolution
		{5BB714D1-59B1-45C8-9F39-9CA2C5EF1D05}.Debug|Any CPU.ActiveCfg = Debug|Any CPU
		{5BB714D1-59B1-45C8-9F39-9CA2C5EF1D05}.Debug|Any CPU.Build.0 = Debug|Any CPU
		{5BB714D1-59B1-45C8-9F39-9CA2C5EF1D05}.Release|Any CPU.ActiveCfg = Release|Any CPU
		{5BB714D1-59B1-45C8-9F39-9CA2C5EF1D05}.Release|Any CPU.Build.0 = Release|Any CPU
	EndGlobalSection
	GlobalSection(SolutionProperties) = preSolution
		HideSolutionNode = FALSE
	EndGlobalSection
	GlobalSection(ExtensibilityGlobals) = postSolution
		SolutionGuid = {5FF7667B-59FB-4FDA-A4D4-E4AE0AF542F0}
	EndGlobalSection
EndGlobal
